
Microsoft Visual Studio Solution File, Format Version 12.00
# Visual Studio Version 17
VisualStudioVersion = 17.5.33414.496
MinimumVisualStudioVersion = 10.0.40219.1
Project("{FAE04EC0-301F-11D3-BF4B-00C04F79EFBC}") = "BookNowMovie", "BookNowMovie\BookNowMovie.csproj", "{230F71AE-2FC7-44D0-BE75-10C44402C24F}"
EndProject
Global
	GlobalSection(SolutionConfigurationPlatforms) = preSolution
		Debug|Any CPU = Debug|Any CPU
		Release|Any CPU = Release|Any CPU
	EndGlobalSection
	GlobalSection(ProjectConfigurationPlatforms) = postSolution
		{230F71AE-2FC7-44D0-BE75-10C44402C24F}.Debug|Any CPU.ActiveCfg = Debug|Any CPU
		{230F71AE-2FC7-44D0-BE75-10C44402C24F}.Debug|Any CPU.Build.0 = Debug|Any CPU
		{230F71AE-2FC7-44D0-BE75-10C44402C24F}.Release|Any CPU.ActiveCfg = Release|Any CPU
		{230F71AE-2FC7-44D0-BE75-10C44402C24F}.Release|Any CPU.Build.0 = Release|Any CPU
	EndGlobalSection
	GlobalSection(SolutionProperties) = preSolution
		HideSolutionNode = FALSE
	EndGlobalSection
	GlobalSection(ExtensibilityGlobals) = postSolution
		SolutionGuid = {8EA382C1-9908-4DCA-8006-81349408AF83}
	EndGlobalSection
EndGlobal
